
Microsoft Visual Studio Solution File, Format Version 12.00
# Visual Studio 15
VisualStudioVersion = 15.0.26228.10
MinimumVisualStudioVersion = 10.0.40219.1
Project("{FAE04EC0-301F-11D3-BF4B-00C04F79EFBC}") = "TipCalculator.Droid", "TipCalculator\TipCalculator.Droid\TipCalculator.Droid.csproj", "{DD4CB8EF-84FA-431B-926D-F1910CBD7FEE}"
EndProject
Project("{FAE04EC0-301F-11D3-BF4B-00C04F79EFBC}") = "TipCalculator.iOS", "TipCalculator\TipCalculator.iOS\TipCalculator.iOS.csproj", "{C3670489-0D1D-4700-9E16-FB131F7C6225}"
EndProject
Project("{FAE04EC0-301F-11D3-BF4B-00C04F79EFBC}") = "TipCalculator.UWP", "TipCalculator\TipCalculator.UWP\TipCalculator.UWP.csproj", "{A8C5D2D7-F720-454F-A1D6-C2D7AA687380}"
EndProject
Project("{FAE04EC0-301F-11D3-BF4B-00C04F79EFBC}") = "TipCalculator", "TipCalculator\TipCalculator\TipCalculator.csproj", "{21C86651-B14A-445D-86B7-71FF8A7427CE}"
EndProject
Global
	GlobalSection(SolutionConfigurationPlatforms) = preSolution
		Ad-Hoc|Any CPU = Ad-Hoc|Any CPU
		Ad-Hoc|ARM = Ad-Hoc|ARM
		Ad-Hoc|iPhone = Ad-Hoc|iPhone
		Ad-Hoc|iPhoneSimulator = Ad-Hoc|iPhoneSimulator
		Ad-Hoc|x64 = Ad-Hoc|x64
		Ad-Hoc|x86 = Ad-Hoc|x86
		AppStore|Any CPU = AppStore|Any CPU
		AppStore|ARM = AppStore|ARM
		AppStore|iPhone = AppStore|iPhone
		AppStore|iPhoneSimulator = AppStore|iPhoneSimulator
		AppStore|x64 = AppStore|x64
		AppStore|x86 = AppStore|x86
		Debug|Any CPU = Debug|Any CPU
		Debug|ARM = Debug|ARM
		Debug|iPhone = Debug|iPhone
		Debug|iPhoneSimulator = Debug|iPhoneSimulator
		Debug|x64 = Debug|x64
		Debug|x86 = Debug|x86
		Release|Any CPU = Release|Any CPU
		Release|ARM = Release|ARM
		Release|iPhone = Release|iPhone
		Release|iPhoneSimulator = Release|iPhoneSimulator
		Release|x64 = Release|x64
		Release|x86 = Release|x86
	EndGlobalSection
	GlobalSection(ProjectConfigurationPlatforms) = postSolution
		{DD4CB8EF-84FA-431B-926D-F1910CBD7FEE}.Ad-Hoc|Any CPU.ActiveCfg = Release|Any CPU
		{DD4CB8EF-84FA-431B-926D-F1910CBD7FEE}.Ad-Hoc|Any CPU.Build.0 = Release|Any CPU
		{DD4CB8EF-84FA-431B-926D-F1910CBD7FEE}.Ad-Hoc|Any CPU.Deploy.0 = Release|Any CPU
		{DD4CB8EF-84FA-431B-926D-F1910CBD7FEE}.Ad-Hoc|ARM.ActiveCfg = Release|Any CPU
		{DD4CB8EF-84FA-431B-926D-F1910CBD7FEE}.Ad-Hoc|ARM.Build.0 = Release|Any CPU
		{DD4CB8EF-84FA-431B-926D-F1910CBD7FEE}.Ad-Hoc|ARM.Deploy.0 = Release|Any CPU
		{DD4CB8EF-84FA-431B-926D-F1910CBD7FEE}.Ad-Hoc|iPhone.ActiveCfg = Release|Any CPU
		{DD4CB8EF-84FA-431B-926D-F1910CBD7FEE}.Ad-Hoc|iPhone.Build.0 = Release|Any CPU
		{DD4CB8EF-84FA-431B-926D-F1910CBD7FEE}.Ad-Hoc|iPhone.Deploy.0 = Release|Any CPU
		{DD4CB8EF-84FA-431B-926D-F1910CBD7FEE}.Ad-Hoc|iPhoneSimulator.ActiveCfg = Release|Any CPU
		{DD4CB8EF-84FA-431B-926D-F1910CBD7FEE}.Ad-Hoc|iPhoneSimulator.Build.0 = Release|Any CPU
		{DD4CB8EF-84FA-431B-926D-F1910CBD7FEE}.Ad-Hoc|iPhoneSimulator.Deploy.0 = Release|Any CPU
		{DD4CB8EF-84FA-431B-926D-F1910CBD7FEE}.Ad-Hoc|x64.ActiveCfg = Release|Any CPU
		{DD4CB8EF-84FA-431B-926D-F1910CBD7FEE}.Ad-Hoc|x64.Build.0 = Release|Any CPU
		{DD4CB8EF-84FA-431B-926D-F1910CBD7FEE}.Ad-Hoc|x64.Deploy.0 = Release|Any CPU
		{DD4CB8EF-84FA-431B-926D-F1910CBD7FEE}.Ad-Hoc|x86.ActiveCfg = Release|Any CPU
		{DD4CB8EF-84FA-431B-926D-F1910CBD7FEE}.Ad-Hoc|x86.Build.0 = Release|Any CPU
		{DD4CB8EF-84FA-431B-926D-F1910CBD7FEE}.Ad-Hoc|x86.Deploy.0 = Release|Any CPU
		{DD4CB8EF-84FA-431B-926D-F1910CBD7FEE}.AppStore|Any CPU.ActiveCfg = Release|Any CPU
		{DD4CB8EF-84FA-431B-926D-F1910CBD7FEE}.AppStore|Any CPU.Build.0 = Release|Any CPU
		{DD4CB8EF-84FA-431B-926D-F1910CBD7FEE}.AppStore|Any CPU.Deploy.0 = Release|Any CPU
		{DD4CB8EF-84FA-431B-926D-F1910CBD7FEE}.AppStore|ARM.ActiveCfg = Release|Any CPU
		{DD4CB8EF-84FA-431B-926D-F1910CBD7FEE}.AppStore|ARM.Build.0 = Release|Any CPU
		{DD4CB8EF-84FA-431B-926D-F1910CBD7FEE}.AppStore|ARM.Deploy.0 = Release|Any CPU
		{DD4CB8EF-84FA-431B-926D-F1910CBD7FEE}.AppStore|iPhone.ActiveCfg = Release|Any CPU
		{DD4CB8EF-84FA-431B-926D-F1910CBD7FEE}.AppStore|iPhone.Build.0 = Release|Any CPU
		{DD4CB8EF-84FA-431B-926D-F1910CBD7FEE}.AppStore|iPhone.Deploy.0 = Release|Any CPU
		{DD4CB8EF-84FA-431B-926D-F1910CBD7FEE}.AppStore|iPhoneSimulator.ActiveCfg = Release|Any CPU
		{DD4CB8EF-84FA-431B-926D-F1910CBD7FEE}.AppStore|iPhoneSimulator.Build.0 = Release|Any CPU
		{DD4CB8EF-84FA-431B-926D-F1910CBD7FEE}.AppStore|iPhoneSimulator.Deploy.0 = Release|Any CPU
		{DD4CB8EF-84FA-431B-926D-F1910CBD7FEE}.AppStore|x64.ActiveCfg = Release|Any CPU
		{DD4CB8EF-84FA-431B-926D-F1910CBD7FEE}.AppStore|x64.Build.0 = Release|Any CPU
		{DD4CB8EF-84FA-431B-926D-F1910CBD7FEE}.AppStore|x64.Deploy.0 = Release|Any CPU
		{DD4CB8EF-84FA-431B-926D-F1910CBD7FEE}.AppStore|x86.ActiveCfg = Release|Any CPU
		{DD4CB8EF-84FA-431B-926D-F1910CBD7FEE}.AppStore|x86.Build.0 = Release|Any CPU
		{DD4CB8EF-84FA-431B-926D-F1910CBD7FEE}.AppStore|x86.Deploy.0 = Release|Any CPU
		{DD4CB8EF-84FA-431B-926D-F1910CBD7FEE}.Debug|Any CPU.ActiveCfg = Debug|Any CPU
		{DD4CB8EF-84FA-431B-926D-F1910CBD7FEE}.Debug|Any CPU.Build.0 = Debug|Any CPU
		{DD4CB8EF-84FA-431B-926D-F1910CBD7FEE}.Debug|Any CPU.Deploy.0 = Debug|Any CPU
		{DD4CB8EF-84FA-431B-926D-F1910CBD7FEE}.Debug|ARM.ActiveCfg = Debug|Any CPU
		{DD4CB8EF-84FA-431B-926D-F1910CBD7FEE}.Debug|ARM.Build.0 = Debug|Any CPU
		{DD4CB8EF-84FA-431B-926D-F1910CBD7FEE}.Debug|ARM.Deploy.0 = Debug|Any CPU
		{DD4CB8EF-84FA-431B-926D-F1910CBD7FEE}.Debug|iPhone.ActiveCfg = Debug|Any CPU
		{DD4CB8EF-84FA-431B-926D-F1910CBD7FEE}.Debug|iPhone.Build.0 = Debug|Any CPU
		{DD4CB8EF-84FA-431B-926D-F1910CBD7FEE}.Debug|iPhone.Deploy.0 = Debug|Any CPU
		{DD4CB8EF-84FA-431B-926D-F1910CBD7FEE}.Debug|iPhoneSimulator.ActiveCfg = Debug|Any CPU
		{DD4CB8EF-84FA-431B-926D-F1910CBD7FEE}.Debug|iPhoneSimulator.Build.0 = Debug|Any CPU
		{DD4CB8EF-84FA-431B-926D-F1910CBD7FEE}.Debug|iPhoneSimulator.Deploy.0 = Debug|Any CPU
		{DD4CB8EF-84FA-431B-926D-F1910CBD7FEE}.Debug|x64.ActiveCfg = Debug|Any CPU
		{DD4CB8EF-84FA-431B-926D-F1910CBD7FEE}.Debug|x64.Build.0 = Debug|Any CPU
		{DD4CB8EF-84FA-431B-926D-F1910CBD7FEE}.Debug|x64.Deploy.0 = Debug|Any CPU
		{DD4CB8EF-84FA-431B-926D-F1910CBD7FEE}.Debug|x86.ActiveCfg = Debug|Any CPU
		{DD4CB8EF-84FA-431B-926D-F1910CBD7FEE}.Debug|x86.Build.0 = Debug|Any CPU
		{DD4CB8EF-84FA-431B-926D-F1910CBD7FEE}.Debug|x86.Deploy.0 = Debug|Any CPU
		{DD4CB8EF-84FA-431B-926D-F1910CBD7FEE}.Release|Any CPU.ActiveCfg = Release|Any CPU
		{DD4CB8EF-84FA-431B-926D-F1910CBD7FEE}.Release|Any CPU.Build.0 = Release|Any CPU
		{DD4CB8EF-84FA-431B-926D-F1910CBD7FEE}.Release|Any CPU.Deploy.0 = Release|Any CPU
		{DD4CB8EF-84FA-431B-926D-F1910CBD7FEE}.Release|ARM.ActiveCfg = Release|Any CPU
		{DD4CB8EF-84FA-431B-926D-F1910CBD7FEE}.Release|ARM.Build.0 = Release|Any CPU
		{DD4CB8EF-84FA-431B-926D-F1910CBD7FEE}.Release|ARM.Deploy.0 = Release|Any CPU
		{DD4CB8EF-84FA-431B-926D-F1910CBD7FEE}.Release|iPhone.ActiveCfg = Release|Any CPU
		{DD4CB8EF-84FA-431B-926D-F1910CBD7FEE}.Release|iPhone.Build.0 = Release|Any CPU
		{DD4CB8EF-84FA-431B-926D-F1910CBD7FEE}.Release|iPhone.Deploy.0 = Release|Any CPU
		{DD4CB8EF-84FA-431B-926D-F1910CBD7FEE}.Release|iPhoneSimulator.ActiveCfg = Release|Any CPU
		{DD4CB8EF-84FA-431B-926D-F1910CBD7FEE}.Release|iPhoneSimulator.Build.0 = Release|Any CPU
		{DD4CB8EF-84FA-431B-926D-F1910CBD7FEE}.Release|iPhoneSimulator.Deploy.0 = Release|Any CPU
		{DD4CB8EF-84FA-431B-926D-F1910CBD7FEE}.Release|x64.ActiveCfg = Release|Any CPU
		{DD4CB8EF-84FA-431B-926D-F1910CBD7FEE}.Release|x64.Build.0 = Release|Any CPU
		{DD4CB8EF-84FA-431B-926D-F1910CBD7FEE}.Release|x64.Deploy.0 = Release|Any CPU
		{DD4CB8EF-84FA-431B-926D-F1910CBD7FEE}.Release|x86.ActiveCfg = Release|Any CPU
		{DD4CB8EF-84FA-431B-926D-F1910CBD7FEE}.Release|x86.Build.0 = Release|Any CPU
		{DD4CB8EF-84FA-431B-926D-F1910CBD7FEE}.Release|x86.Deploy.0 = Release|Any CPU
		{C3670489-0D1D-4700-9E16-FB131F7C6225}.Ad-Hoc|Any CPU.ActiveCfg = Ad-Hoc|iPhone
		{C3670489-0D1D-4700-9E16-FB131F7C6225}.Ad-Hoc|ARM.ActiveCfg = Ad-Hoc|iPhone
		{C3670489-0D1D-4700-9E16-FB131F7C6225}.Ad-Hoc|iPhone.ActiveCfg = Ad-Hoc|iPhone
		{C3670489-0D1D-4700-9E16-FB131F7C6225}.Ad-Hoc|iPhone.Build.0 = Ad-Hoc|iPhone
		{C3670489-0D1D-4700-9E16-FB131F7C6225}.Ad-Hoc|iPhoneSimulator.ActiveCfg = Ad-Hoc|iPhoneSimulator
		{C3670489-0D1D-4700-9E16-FB131F7C6225}.Ad-Hoc|iPhoneSimulator.Build.0 = Ad-Hoc|iPhoneSimulator
		{C3670489-0D1D-4700-9E16-FB131F7C6225}.Ad-Hoc|x64.ActiveCfg = Ad-Hoc|iPhone
		{C3670489-0D1D-4700-9E16-FB131F7C6225}.Ad-Hoc|x86.ActiveCfg = Ad-Hoc|iPhone
		{C3670489-0D1D-4700-9E16-FB131F7C6225}.AppStore|Any CPU.ActiveCfg = AppStore|iPhone
		{C3670489-0D1D-4700-9E16-FB131F7C6225}.AppStore|ARM.ActiveCfg = AppStore|iPhone
		{C3670489-0D1D-4700-9E16-FB131F7C6225}.AppStore|iPhone.ActiveCfg = AppStore|iPhone
		{C3670489-0D1D-4700-9E16-FB131F7C6225}.AppStore|iPhone.Build.0 = AppStore|iPhone
		{C3670489-0D1D-4700-9E16-FB131F7C6225}.AppStore|iPhoneSimulator.ActiveCfg = AppStore|iPhoneSimulator
		{C3670489-0D1D-4700-9E16-FB131F7C6225}.AppStore|iPhoneSimulator.Build.0 = AppStore|iPhoneSimulator
		{C3670489-0D1D-4700-9E16-FB131F7C6225}.AppStore|x64.ActiveCfg = AppStore|iPhone
		{C3670489-0D1D-4700-9E16-FB131F7C6225}.AppStore|x86.ActiveCfg = AppStore|iPhone
		{C3670489-0D1D-4700-9E16-FB131F7C6225}.Debug|Any CPU.ActiveCfg = Debug|iPhone
		{C3670489-0D1D-4700-9E16-FB131F7C6225}.Debug|Any CPU.Build.0 = Debug|iPhone
		{C3670489-0D1D-4700-9E16-FB131F7C6225}.Debug|ARM.ActiveCfg = Debug|iPhone
		{C3670489-0D1D-4700-9E16-FB131F7C6225}.Debug|iPhone.ActiveCfg = Debug|iPhone
		{C3670489-0D1D-4700-9E16-FB131F7C6225}.Debug|iPhone.Build.0 = Debug|iPhone
		{C3670489-0D1D-4700-9E16-FB131F7C6225}.Debug|iPhoneSimulator.ActiveCfg = Debug|iPhoneSimulator
		{C3670489-0D1D-4700-9E16-FB131F7C6225}.Debug|iPhoneSimulator.Build.0 = Debug|iPhoneSimulator
		{C3670489-0D1D-4700-9E16-FB131F7C6225}.Debug|x64.ActiveCfg = Debug|iPhone
		{C3670489-0D1D-4700-9E16-FB131F7C6225}.Debug|x86.ActiveCfg = Debug|iPhone
		{C3670489-0D1D-4700-9E16-FB131F7C6225}.Release|Any CPU.ActiveCfg = Release|iPhone
		{C3670489-0D1D-4700-9E16-FB131F7C6225}.Release|ARM.ActiveCfg = Release|iPhone
		{C3670489-0D1D-4700-9E16-FB131F7C6225}.Release|iPhone.ActiveCfg = Release|iPhone
		{C3670489-0D1D-4700-9E16-FB131F7C6225}.Release|iPhone.Build.0 = Release|iPhone
		{C3670489-0D1D-4700-9E16-FB131F7C6225}.Release|iPhoneSimulator.ActiveCfg = Release|iPhoneSimulator
		{C3670489-0D1D-4700-9E16-FB131F7C6225}.Release|iPhoneSimulator.Build.0 = Release|iPhoneSimulator
		{C3670489-0D1D-4700-9E16-FB131F7C6225}.Release|x64.ActiveCfg = Release|iPhone
		{C3670489-0D1D-4700-9E16-FB131F7C6225}.Release|x86.ActiveCfg = Release|iPhone
		{A8C5D2D7-F720-454F-A1D6-C2D7AA687380}.Ad-Hoc|Any CPU.ActiveCfg = Release|x86
		{A8C5D2D7-F720-454F-A1D6-C2D7AA687380}.Ad-Hoc|Any CPU.Build.0 = Release|x86
		{A8C5D2D7-F720-454F-A1D6-C2D7AA687380}.Ad-Hoc|Any CPU.Deploy.0 = Release|x86
		{A8C5D2D7-F720-454F-A1D6-C2D7AA687380}.Ad-Hoc|ARM.ActiveCfg = Release|ARM
		{A8C5D2D7-F720-454F-A1D6-C2D7AA687380}.Ad-Hoc|ARM.Build.0 = Release|ARM
		{A8C5D2D7-F720-454F-A1D6-C2D7AA687380}.Ad-Hoc|ARM.Deploy.0 = Release|ARM
		{A8C5D2D7-F720-454F-A1D6-C2D7AA687380}.Ad-Hoc|iPhone.ActiveCfg = Release|x86
		{A8C5D2D7-F720-454F-A1D6-C2D7AA687380}.Ad-Hoc|iPhone.Build.0 = Release|x86
		{A8C5D2D7-F720-454F-A1D6-C2D7AA687380}.Ad-Hoc|iPhone.Deploy.0 = Release|x86
		{A8C5D2D7-F720-454F-A1D6-C2D7AA687380}.Ad-Hoc|iPhoneSimulator.ActiveCfg = Release|x86
		{A8C5D2D7-F720-454F-A1D6-C2D7AA687380}.Ad-Hoc|iPhoneSimulator.Build.0 = Release|x86
		{A8C5D2D7-F720-454F-A1D6-C2D7AA687380}.Ad-Hoc|iPhoneSimulator.Deploy.0 = Release|x86
		{A8C5D2D7-F720-454F-A1D6-C2D7AA687380}.Ad-Hoc|x64.ActiveCfg = Release|x64
		{A8C5D2D7-F720-454F-A1D6-C2D7AA687380}.Ad-Hoc|x64.Build.0 = Release|x64
		{A8C5D2D7-F720-454F-A1D6-C2D7AA687380}.Ad-Hoc|x64.Deploy.0 = Release|x64
		{A8C5D2D7-F720-454F-A1D6-C2D7AA687380}.Ad-Hoc|x86.ActiveCfg = Release|x86
		{A8C5D2D7-F720-454F-A1D6-C2D7AA687380}.Ad-Hoc|x86.Build.0 = Release|x86
		{A8C5D2D7-F720-454F-A1D6-C2D7AA687380}.Ad-Hoc|x86.Deploy.0 = Release|x86
		{A8C5D2D7-F720-454F-A1D6-C2D7AA687380}.AppStore|Any CPU.ActiveCfg = Release|x86
		{A8C5D2D7-F720-454F-A1D6-C2D7AA687380}.AppStore|Any CPU.Build.0 = Release|x86
		{A8C5D2D7-F720-454F-A1D6-C2D7AA687380}.AppStore|Any CPU.Deploy.0 = Release|x86
		{A8C5D2D7-F720-454F-A1D6-C2D7AA687380}.AppStore|ARM.ActiveCfg = Release|ARM
		{A8C5D2D7-F720-454F-A1D6-C2D7AA687380}.AppStore|ARM.Build.0 = Release|ARM
		{A8C5D2D7-F720-454F-A1D6-C2D7AA687380}.AppStore|ARM.Deploy.0 = Release|ARM
		{A8C5D2D7-F720-454F-A1D6-C2D7AA687380}.AppStore|iPhone.ActiveCfg = Release|x86
		{A8C5D2D7-F720-454F-A1D6-C2D7AA687380}.AppStore|iPhone.Build.0 = Release|x86
		{A8C5D2D7-F720-454F-A1D6-C2D7AA687380}.AppStore|iPhone.Deploy.0 = Release|x86
		{A8C5D2D7-F720-454F-A1D6-C2D7AA687380}.AppStore|iPhoneSimulator.ActiveCfg = Release|x86
		{A8C5D2D7-F720-454F-A1D6-C2D7AA687380}.AppStore|iPhoneSimulator.Build.0 = Release|x86
		{A8C5D2D7-F720-454F-A1D6-C2D7AA687380}.AppStore|iPhoneSimulator.Deploy.0 = Release|x86
		{A8C5D2D7-F720-454F-A1D6-C2D7AA687380}.AppStore|x64.ActiveCfg = Release|x64
		{A8C5D2D7-F720-454F-A1D6-C2D7AA687380}.AppStore|x64.Build.0 = Release|x64
		{A8C5D2D7-F720-454F-A1D6-C2D7AA687380}.AppStore|x64.Deploy.0 = Release|x64
		{A8C5D2D7-F720-454F-A1D6-C2D7AA687380}.AppStore|x86.ActiveCfg = Release|x86
		{A8C5D2D7-F720-454F-A1D6-C2D7AA687380}.AppStore|x86.Build.0 = Release|x86
		{A8C5D2D7-F720-454F-A1D6-C2D7AA687380}.AppStore|x86.Deploy.0 = Release|x86
		{A8C5D2D7-F720-454F-A1D6-C2D7AA687380}.Debug|Any CPU.ActiveCfg = Debug|x86
		{A8C5D2D7-F720-454F-A1D6-C2D7AA687380}.Debug|Any CPU.Build.0 = Debug|x86
		{A8C5D2D7-F720-454F-A1D6-C2D7AA687380}.Debug|Any CPU.Deploy.0 = Debug|x86
		{A8C5D2D7-F720-454F-A1D6-C2D7AA687380}.Debug|ARM.ActiveCfg = Debug|ARM
		{A8C5D2D7-F720-454F-A1D6-C2D7AA687380}.Debug|ARM.Build.0 = Debug|ARM
		{A8C5D2D7-F720-454F-A1D6-C2D7AA687380}.Debug|ARM.Deploy.0 = Debug|ARM
		{A8C5D2D7-F720-454F-A1D6-C2D7AA687380}.Debug|iPhone.ActiveCfg = Debug|x86
		{A8C5D2D7-F720-454F-A1D6-C2D7AA687380}.Debug|iPhoneSimulator.ActiveCfg = Debug|x86
		{A8C5D2D7-F720-454F-A1D6-C2D7AA687380}.Debug|x64.ActiveCfg = Debug|x64
		{A8C5D2D7-F720-454F-A1D6-C2D7AA687380}.Debug|x64.Build.0 = Debug|x64
		{A8C5D2D7-F720-454F-A1D6-C2D7AA687380}.Debug|x64.Deploy.0 = Debug|x64
		{A8C5D2D7-F720-454F-A1D6-C2D7AA687380}.Debug|x86.ActiveCfg = Debug|x86
		{A8C5D2D7-F720-454F-A1D6-C2D7AA687380}.Debug|x86.Build.0 = Debug|x86
		{A8C5D2D7-F720-454F-A1D6-C2D7AA687380}.Debug|x86.Deploy.0 = Debug|x86
		{A8C5D2D7-F720-454F-A1D6-C2D7AA687380}.Release|Any CPU.ActiveCfg = Release|x86
		{A8C5D2D7-F720-454F-A1D6-C2D7AA687380}.Release|ARM.ActiveCfg = Release|ARM
		{A8C5D2D7-F720-454F-A1D6-C2D7AA687380}.Release|ARM.Build.0 = Release|ARM
		{A8C5D2D7-F720-454F-A1D6-C2D7AA687380}.Release|ARM.Deploy.0 = Release|ARM
		{A8C5D2D7-F720-454F-A1D6-C2D7AA687380}.Release|iPhone.ActiveCfg = Release|x86
		{A8C5D2D7-F720-454F-A1D6-C2D7AA687380}.Release|iPhoneSimulator.ActiveCfg = Release|x86
		{A8C5D2D7-F720-454F-A1D6-C2D7AA687380}.Release|x64.ActiveCfg = Release|x64
		{A8C5D2D7-F720-454F-A1D6-C2D7AA687380}.Release|x64.Build.0 = Release|x64
		{A8C5D2D7-F720-454F-A1D6-C2D7AA687380}.Release|x64.Deploy.0 = Release|x64
		{A8C5D2D7-F720-454F-A1D6-C2D7AA687380}.Release|x86.ActiveCfg = Release|x86
		{A8C5D2D7-F720-454F-A1D6-C2D7AA687380}.Release|x86.Build.0 = Release|x86
		{A8C5D2D7-F720-454F-A1D6-C2D7AA687380}.Release|x86.Deploy.0 = Release|x86
		{21C86651-B14A-445D-86B7-71FF8A7427CE}.Ad-Hoc|Any CPU.ActiveCfg = Release|Any CPU
		{21C86651-B14A-445D-86B7-71FF8A7427CE}.Ad-Hoc|Any CPU.Build.0 = Release|Any CPU
		{21C86651-B14A-445D-86B7-71FF8A7427CE}.Ad-Hoc|ARM.ActiveCfg = Release|Any CPU
		{21C86651-B14A-445D-86B7-71FF8A7427CE}.Ad-Hoc|ARM.Build.0 = Release|Any CPU
		{21C86651-B14A-445D-86B7-71FF8A7427CE}.Ad-Hoc|iPhone.ActiveCfg = Release|Any CPU
		{21C86651-B14A-445D-86B7-71FF8A7427CE}.Ad-Hoc|iPhone.Build.0 = Release|Any CPU
		{21C86651-B14A-445D-86B7-71FF8A7427CE}.Ad-Hoc|iPhoneSimulator.ActiveCfg = Release|Any CPU
		{21C86651-B14A-445D-86B7-71FF8A7427CE}.Ad-Hoc|iPhoneSimulator.Build.0 = Release|Any CPU
		{21C86651-B14A-445D-86B7-71FF8A7427CE}.Ad-Hoc|x64.ActiveCfg = Release|Any CPU
		{21C86651-B14A-445D-86B7-71FF8A7427CE}.Ad-Hoc|x64.Build.0 = Release|Any CPU
		{21C86651-B14A-445D-86B7-71FF8A7427CE}.Ad-Hoc|x86.ActiveCfg = Release|Any CPU
		{21C86651-B14A-445D-86B7-71FF8A7427CE}.Ad-Hoc|x86.Build.0 = Release|Any CPU
		{21C86651-B14A-445D-86B7-71FF8A7427CE}.AppStore|Any CPU.ActiveCfg = Release|Any CPU
		{21C86651-B14A-445D-86B7-71FF8A7427CE}.AppStore|Any CPU.Build.0 = Release|Any CPU
		{21C86651-B14A-445D-86B7-71FF8A7427CE}.AppStore|ARM.ActiveCfg = Release|Any CPU
		{21C86651-B14A-445D-86B7-71FF8A7427CE}.AppStore|ARM.Build.0 = Release|Any CPU
		{21C86651-B14A-445D-86B7-71FF8A7427CE}.AppStore|iPhone.ActiveCfg = Release|Any CPU
		{21C86651-B14A-445D-86B7-71FF8A7427CE}.AppStore|iPhone.Build.0 = Release|Any CPU
		{21C86651-B14A-445D-86B7-71FF8A7427CE}.AppStore|iPhoneSimulator.ActiveCfg = Release|Any CPU
		{21C86651-B14A-445D-86B7-71FF8A7427CE}.AppStore|iPhoneSimulator.Build.0 = Release|Any CPU
		{21C86651-B14A-445D-86B7-71FF8A7427CE}.AppStore|x64.ActiveCfg = Release|Any CPU
		{21C86651-B14A-445D-86B7-71FF8A7427CE}.AppStore|x64.Build.0 = Release|Any CPU
		{21C86651-B14A-445D-86B7-71FF8A7427CE}.AppStore|x86.ActiveCfg = Release|Any CPU
		{21C86651-B14A-445D-86B7-71FF8A7427CE}.AppStore|x86.Build.0 = Release|Any CPU
		{21C86651-B14A-445D-86B7-71FF8A7427CE}.Debug|Any CPU.ActiveCfg = Debug|Any CPU
		{21C86651-B14A-445D-86B7-71FF8A7427CE}.Debug|Any CPU.Build.0 = Debug|Any CPU
		{21C86651-B14A-445D-86B7-71FF8A7427CE}.Debug|ARM.ActiveCfg = Debug|Any CPU
		{21C86651-B14A-445D-86B7-71FF8A7427CE}.Debug|ARM.Build.0 = Debug|Any CPU
		{21C86651-B14A-445D-86B7-71FF8A7427CE}.Debug|iPhone.ActiveCfg = Debug|Any CPU
		{21C86651-B14A-445D-86B7-71FF8A7427CE}.Debug|iPhone.Build.0 = Debug|Any CPU
		{21C86651-B14A-445D-86B7-71FF8A7427CE}.Debug|iPhoneSimulator.ActiveCfg = Debug|Any CPU
		{21C86651-B14A-445D-86B7-71FF8A7427CE}.Debug|iPhoneSimulator.Build.0 = Debug|Any CPU
		{21C86651-B14A-445D-86B7-71FF8A7427CE}.Debug|x64.ActiveCfg = Debug|Any CPU
		{21C86651-B14A-445D-86B7-71FF8A7427CE}.Debug|x64.Build.0 = Debug|Any CPU
		{21C86651-B14A-445D-86B7-71FF8A7427CE}.Debug|x86.ActiveCfg = Debug|Any CPU
		{21C86651-B14A-445D-86B7-71FF8A7427CE}.Debug|x86.Build.0 = Debug|Any CPU
		{21C86651-B14A-445D-86B7-71FF8A7427CE}.Release|Any CPU.ActiveCfg = Release|Any CPU
		{21C86651-B14A-445D-86B7-71FF8A7427CE}.Release|Any CPU.Build.0 = Release|Any CPU
		{21C86651-B14A-445D-86B7-71FF8A7427CE}.Release|ARM.ActiveCfg = Release|Any CPU
		{21C86651-B14A-445D-86B7-71FF8A7427CE}.Release|ARM.Build.0 = Release|Any CPU
		{21C86651-B14A-445D-86B7-71FF8A7427CE}.Release|iPhone.ActiveCfg = Release|Any CPU
		{21C86651-B14A-445D-86B7-71FF8A7427CE}.Release|iPhone.Build.0 = Release|Any CPU
		{21C86651-B14A-445D-86B7-71FF8A7427CE}.Release|iPhoneSimulator.ActiveCfg = Release|Any CPU
		{21C86651-B14A-445D-86B7-71FF8A7427CE}.Release|iPhoneSimulator.Build.0 = Release|Any CPU
		{21C86651-B14A-445D-86B7-71FF8A7427CE}.Release|x64.ActiveCfg = Release|Any CPU
		{21C86651-B14A-445D-86B7-71FF8A7427CE}.Release|x64.Build.0 = Release|Any CPU
		{21C86651-B14A-445D-86B7-71FF8A7427CE}.Release|x86.ActiveCfg = Release|Any CPU
		{21C86651-B14A-445D-86B7-71FF8A7427CE}.Release|x86.Build.0 = Release|Any CPU
	EndGlobalSection
	GlobalSection(SolutionProperties) = preSolution
		HideSolutionNode = FALSE
	EndGlobalSection
EndGlobal
